
Microsoft Visual Studio Solution File, Format Version 12.00
# Visual Studio Version 17
VisualStudioVersion = 17.0.31903.59
MinimumVisualStudioVersion = 10.0.40219.1
Project("{9A19103F-16F7-4668-BE54-9A1E7A4F7556}") = "MeetUpApp.Api", "MeetUpApp.Api\MeetUpApp.Api.csproj", "{0775B780-3C58-4923-9E0E-20AC52719FA2}"
EndProject
Project("{9A19103F-16F7-4668-BE54-9A1E7A4F7556}") = "MeetUpApp.Data", "MeetUpApp.Data\MeetUpApp.Data.csproj", "{030D82C7-DB93-473A-8D22-E5527EC22040}"
EndProject
Project("{9A19103F-16F7-4668-BE54-9A1E7A4F7556}") = "MeetUpApp.Managers", "MeetUpApp.Managers\MeetUpApp.Managers.csproj", "{6BDC1D8A-A379-44A8-B73E-563D63C6F12A}"
EndProject
Project("{9A19103F-16F7-4668-BE54-9A1E7A4F7556}") = "MeetUpApp.ViewModels", "MeetUpApp.ViewModels\MeetUpApp.ViewModels.csproj", "{9C63D66C-47C3-4924-A7F0-F7410BFADB9A}"
EndProject
Project("{FAE04EC0-301F-11D3-BF4B-00C04F79EFBC}") = "MeetUpApp.Resources", "MeetUpApp.Resources\MeetUpApp.Resources.csproj", "{6AD1BC4A-51BD-4981-BDF2-A867276792E4}"
EndProject
Global
	GlobalSection(SolutionConfigurationPlatforms) = preSolution
		Debug|Any CPU = Debug|Any CPU
		Release|Any CPU = Release|Any CPU
	EndGlobalSection
	GlobalSection(ProjectConfigurationPlatforms) = postSolution
		{0775B780-3C58-4923-9E0E-20AC52719FA2}.Debug|Any CPU.ActiveCfg = Debug|Any CPU
		{0775B780-3C58-4923-9E0E-20AC52719FA2}.Debug|Any CPU.Build.0 = Debug|Any CPU
		{0775B780-3C58-4923-9E0E-20AC52719FA2}.Release|Any CPU.ActiveCfg = Release|Any CPU
		{0775B780-3C58-4923-9E0E-20AC52719FA2}.Release|Any CPU.Build.0 = Release|Any CPU
		{030D82C7-DB93-473A-8D22-E5527EC22040}.Debug|Any CPU.ActiveCfg = Debug|Any CPU
		{030D82C7-DB93-473A-8D22-E5527EC22040}.Debug|Any CPU.Build.0 = Debug|Any CPU
		{030D82C7-DB93-473A-8D22-E5527EC22040}.Release|Any CPU.ActiveCfg = Release|Any CPU
		{030D82C7-DB93-473A-8D22-E5527EC22040}.Release|Any CPU.Build.0 = Release|Any CPU
		{6BDC1D8A-A379-44A8-B73E-563D63C6F12A}.Debug|Any CPU.ActiveCfg = Debug|Any CPU
		{6BDC1D8A-A379-44A8-B73E-563D63C6F12A}.Debug|Any CPU.Build.0 = Debug|Any CPU
		{6BDC1D8A-A379-44A8-B73E-563D63C6F12A}.Release|Any CPU.ActiveCfg = Release|Any CPU
		{6BDC1D8A-A379-44A8-B73E-563D63C6F12A}.Release|Any CPU.Build.0 = Release|Any CPU
		{9C63D66C-47C3-4924-A7F0-F7410BFADB9A}.Debug|Any CPU.ActiveCfg = Debug|Any CPU
		{9C63D66C-47C3-4924-A7F0-F7410BFADB9A}.Debug|Any CPU.Build.0 = Debug|Any CPU
		{9C63D66C-47C3-4924-A7F0-F7410BFADB9A}.Release|Any CPU.ActiveCfg = Release|Any CPU
		{9C63D66C-47C3-4924-A7F0-F7410BFADB9A}.Release|Any CPU.Build.0 = Release|Any CPU
		{6AD1BC4A-51BD-4981-BDF2-A867276792E4}.Debug|Any CPU.ActiveCfg = Debug|Any CPU
		{6AD1BC4A-51BD-4981-BDF2-A867276792E4}.Debug|Any CPU.Build.0 = Debug|Any CPU
		{6AD1BC4A-51BD-4981-BDF2-A867276792E4}.Release|Any CPU.ActiveCfg = Release|Any CPU
		{6AD1BC4A-51BD-4981-BDF2-A867276792E4}.Release|Any CPU.Build.0 = Release|Any CPU
	EndGlobalSection
	GlobalSection(SolutionProperties) = preSolution
		HideSolutionNode = FALSE
	EndGlobalSection
	GlobalSection(ExtensibilityGlobals) = postSolution
		SolutionGuid = {60A1944C-E5CB-4BB6-8771-64C33198C54D}
	EndGlobalSection
EndGlobal
