
Microsoft Visual Studio Solution File, Format Version 12.00
# Visual Studio Version 17
VisualStudioVersion = 17.0.31903.59
MinimumVisualStudioVersion = 10.0.40219.1
Project("{FAE04EC0-301F-11D3-BF4B-00C04F79EFBC}") = "MeetUpApp.Api", "MeetUpApp.Api\MeetUpApp.Api.csproj", "{0775B780-3C58-4923-9E0E-20AC52719FA2}"
EndProject
Global
	GlobalSection(SolutionConfigurationPlatforms) = preSolution
		Debug|Any CPU = Debug|Any CPU
		Release|Any CPU = Release|Any CPU
	EndGlobalSection
	GlobalSection(ProjectConfigurationPlatforms) = postSolution
		{0775B780-3C58-4923-9E0E-20AC52719FA2}.Debug|Any CPU.ActiveCfg = Debug|Any CPU
		{0775B780-3C58-4923-9E0E-20AC52719FA2}.Debug|Any CPU.Build.0 = Debug|Any CPU
		{0775B780-3C58-4923-9E0E-20AC52719FA2}.Release|Any CPU.ActiveCfg = Release|Any CPU
		{0775B780-3C58-4923-9E0E-20AC52719FA2}.Release|Any CPU.Build.0 = Release|Any CPU
	EndGlobalSection
	GlobalSection(SolutionProperties) = preSolution
		HideSolutionNode = FALSE
	EndGlobalSection
	GlobalSection(ExtensibilityGlobals) = postSolution
		SolutionGuid = {60A1944C-E5CB-4BB6-8771-64C33198C54D}
	EndGlobalSection
EndGlobal
